{
  "originHash" : "e5f88ca92a137a2c6014a230ffc79760b24584294c2d9f5ed3e3488096e25328",
  "pins" : [
    {
      "identity" : "uirouter",
      "kind" : "remoteSourceControl",
      "location" : "https://github.com/istsest/UIRouter",
      "state" : {
        "revision" : "a07f83ba26e103b59ccaf2865e598ccf0c3197b5",
        "version" : "0.0.2"
      }
    }
  ],
  "version" : 3
}
